
Microsoft Visual Studio Solution File, Format Version 12.00
# Visual Studio Version 16
VisualStudioVersion = 16.0.29411.108
MinimumVisualStudioVersion = 10.0.40219.1
Project("{FAE04EC0-301F-11D3-BF4B-00C04F79EFBC}") = "Homework4", "Homework4\Homework4.csproj", "{ED6E229C-B623-4B72-A050-67F07368C53D}"
EndProject
Global
	GlobalSection(SolutionConfigurationPlatforms) = preSolution
		Debug|Any CPU = Debug|Any CPU
		Release|Any CPU = Release|Any CPU
	EndGlobalSection
	GlobalSection(ProjectConfigurationPlatforms) = postSolution
		{ED6E229C-B623-4B72-A050-67F07368C53D}.Debug|Any CPU.ActiveCfg = Debug|Any CPU
		{ED6E229C-B623-4B72-A050-67F07368C53D}.Debug|Any CPU.Build.0 = Debug|Any CPU
		{ED6E229C-B623-4B72-A050-67F07368C53D}.Release|Any CPU.ActiveCfg = Release|Any CPU
		{ED6E229C-B623-4B72-A050-67F07368C53D}.Release|Any CPU.Build.0 = Release|Any CPU
	EndGlobalSection
	GlobalSection(SolutionProperties) = preSolution
		HideSolutionNode = FALSE
	EndGlobalSection
	GlobalSection(ExtensibilityGlobals) = postSolution
		SolutionGuid = {8996B497-DD48-4570-8186-323ADEA15BC5}
	EndGlobalSection
EndGlobal
