
Microsoft Visual Studio Solution File, Format Version 12.00
# Visual Studio Version 16
VisualStudioVersion = 16.0.29411.108
MinimumVisualStudioVersion = 10.0.40219.1
Project("{FAE04EC0-301F-11D3-BF4B-00C04F79EFBC}") = "Homework2", "Homework2\Homework2.csproj", "{C92DF480-1CEC-4CA3-A730-1ED15995E27B}"
EndProject
Global
	GlobalSection(SolutionConfigurationPlatforms) = preSolution
		Debug|Any CPU = Debug|Any CPU
		Release|Any CPU = Release|Any CPU
	EndGlobalSection
	GlobalSection(ProjectConfigurationPlatforms) = postSolution
		{C92DF480-1CEC-4CA3-A730-1ED15995E27B}.Debug|Any CPU.ActiveCfg = Debug|Any CPU
		{C92DF480-1CEC-4CA3-A730-1ED15995E27B}.Debug|Any CPU.Build.0 = Debug|Any CPU
		{C92DF480-1CEC-4CA3-A730-1ED15995E27B}.Release|Any CPU.ActiveCfg = Release|Any CPU
		{C92DF480-1CEC-4CA3-A730-1ED15995E27B}.Release|Any CPU.Build.0 = Release|Any CPU
	EndGlobalSection
	GlobalSection(SolutionProperties) = preSolution
		HideSolutionNode = FALSE
	EndGlobalSection
	GlobalSection(ExtensibilityGlobals) = postSolution
		SolutionGuid = {0C089D49-D4E5-4576-BE51-7B46982E61FD}
	EndGlobalSection
EndGlobal
